
Microsoft Visual Studio Solution File, Format Version 12.00
# Visual Studio Version 17
VisualStudioVersion = 17.6.33815.320
MinimumVisualStudioVersion = 10.0.40219.1
Project("{FAE04EC0-301F-11D3-BF4B-00C04F79EFBC}") = "MVPStudioReactOnboarding", "MVPStudioReactOnboarding.csproj", "{748173A8-1044-4E73-860F-1D5DD777B82F}"
EndProject
Global
	GlobalSection(SolutionConfigurationPlatforms) = preSolution
		Debug|Any CPU = Debug|Any CPU
		Release|Any CPU = Release|Any CPU
	EndGlobalSection
	GlobalSection(ProjectConfigurationPlatforms) = postSolution
		{748173A8-1044-4E73-860F-1D5DD777B82F}.Debug|Any CPU.ActiveCfg = Debug|Any CPU
		{748173A8-1044-4E73-860F-1D5DD777B82F}.Debug|Any CPU.Build.0 = Debug|Any CPU
		{748173A8-1044-4E73-860F-1D5DD777B82F}.Release|Any CPU.ActiveCfg = Release|Any CPU
		{748173A8-1044-4E73-860F-1D5DD777B82F}.Release|Any CPU.Build.0 = Release|Any CPU
	EndGlobalSection
	GlobalSection(SolutionProperties) = preSolution
		HideSolutionNode = FALSE
	EndGlobalSection
	GlobalSection(ExtensibilityGlobals) = postSolution
		SolutionGuid = {3025B00D-C8C5-4E23-80DC-4CD6C886A66E}
	EndGlobalSection
EndGlobal
